
Microsoft Visual Studio Solution File, Format Version 12.00
# Visual Studio Version 17
VisualStudioVersion = 17.14.36401.2 d17.14
MinimumVisualStudioVersion = 10.0.40219.1
Project("{FAE04EC0-301F-11D3-BF4B-00C04F79EFBC}") = "VisiblePT", "VisiblePT\VisiblePT.csproj", "{F583EB2B-99DE-41C6-856F-ECE912972E8D}"
EndProject
Global
	GlobalSection(SolutionConfigurationPlatforms) = preSolution
		Debug|Any CPU = Debug|Any CPU
		Release|Any CPU = Release|Any CPU
	EndGlobalSection
	GlobalSection(ProjectConfigurationPlatforms) = postSolution
		{F583EB2B-99DE-41C6-856F-ECE912972E8D}.Debug|Any CPU.ActiveCfg = Debug|Any CPU
		{F583EB2B-99DE-41C6-856F-ECE912972E8D}.Debug|Any CPU.Build.0 = Debug|Any CPU
		{F583EB2B-99DE-41C6-856F-ECE912972E8D}.Release|Any CPU.ActiveCfg = Release|Any CPU
		{F583EB2B-99DE-41C6-856F-ECE912972E8D}.Release|Any CPU.Build.0 = Release|Any CPU
	EndGlobalSection
	GlobalSection(SolutionProperties) = preSolution
		HideSolutionNode = FALSE
	EndGlobalSection
	GlobalSection(ExtensibilityGlobals) = postSolution
		SolutionGuid = {0D3EDEEA-AFB0-4D49-91A3-E6B862811A7E}
	EndGlobalSection
EndGlobal
